
Microsoft Visual Studio Solution File, Format Version 12.00
# Visual Studio Version 17
VisualStudioVersion = 17.9.34728.123
MinimumVisualStudioVersion = 10.0.40219.1
Project("{FAE04EC0-301F-11D3-BF4B-00C04F79EFBC}") = "CapaDePresentacion", "CapaDePresentacion.csproj", "{EFD94D68-98FE-4433-8EA4-D7607D11398A}"
EndProject
Project("{FAE04EC0-301F-11D3-BF4B-00C04F79EFBC}") = "CapaDeNegocio", "layers\CapaDeNegocio\CapaDeNegocio.csproj", "{A8B23644-FEF2-4986-82C5-58537BFD5DC2}"
EndProject
Project("{FAE04EC0-301F-11D3-BF4B-00C04F79EFBC}") = "CapaDeAccesoDatos", "layers\CapaDeAccesoDatos\CapaDeAccesoDatos.csproj", "{9AD85CEE-CC95-45CF-9E65-AFF406F836E2}"
EndProject
Project("{FAE04EC0-301F-11D3-BF4B-00C04F79EFBC}") = "CapaDeEntidades", "layers\CapaDeEntidades\CapaDeEntidades.csproj", "{6F1CFE84-2EC0-4BF6-8178-AD736F80182C}"
EndProject
Global
	GlobalSection(SolutionConfigurationPlatforms) = preSolution
		Debug|Any CPU = Debug|Any CPU
		Release|Any CPU = Release|Any CPU
	EndGlobalSection
	GlobalSection(ProjectConfigurationPlatforms) = postSolution
		{EFD94D68-98FE-4433-8EA4-D7607D11398A}.Debug|Any CPU.ActiveCfg = Debug|Any CPU
		{EFD94D68-98FE-4433-8EA4-D7607D11398A}.Debug|Any CPU.Build.0 = Debug|Any CPU
		{EFD94D68-98FE-4433-8EA4-D7607D11398A}.Release|Any CPU.ActiveCfg = Release|Any CPU
		{EFD94D68-98FE-4433-8EA4-D7607D11398A}.Release|Any CPU.Build.0 = Release|Any CPU
		{A8B23644-FEF2-4986-82C5-58537BFD5DC2}.Debug|Any CPU.ActiveCfg = Debug|Any CPU
		{A8B23644-FEF2-4986-82C5-58537BFD5DC2}.Debug|Any CPU.Build.0 = Debug|Any CPU
		{A8B23644-FEF2-4986-82C5-58537BFD5DC2}.Release|Any CPU.ActiveCfg = Release|Any CPU
		{A8B23644-FEF2-4986-82C5-58537BFD5DC2}.Release|Any CPU.Build.0 = Release|Any CPU
		{9AD85CEE-CC95-45CF-9E65-AFF406F836E2}.Debug|Any CPU.ActiveCfg = Debug|Any CPU
		{9AD85CEE-CC95-45CF-9E65-AFF406F836E2}.Debug|Any CPU.Build.0 = Debug|Any CPU
		{9AD85CEE-CC95-45CF-9E65-AFF406F836E2}.Release|Any CPU.ActiveCfg = Release|Any CPU
		{9AD85CEE-CC95-45CF-9E65-AFF406F836E2}.Release|Any CPU.Build.0 = Release|Any CPU
		{6F1CFE84-2EC0-4BF6-8178-AD736F80182C}.Debug|Any CPU.ActiveCfg = Debug|Any CPU
		{6F1CFE84-2EC0-4BF6-8178-AD736F80182C}.Debug|Any CPU.Build.0 = Debug|Any CPU
		{6F1CFE84-2EC0-4BF6-8178-AD736F80182C}.Release|Any CPU.ActiveCfg = Release|Any CPU
		{6F1CFE84-2EC0-4BF6-8178-AD736F80182C}.Release|Any CPU.Build.0 = Release|Any CPU
	EndGlobalSection
	GlobalSection(SolutionProperties) = preSolution
		HideSolutionNode = FALSE
	EndGlobalSection
	GlobalSection(ExtensibilityGlobals) = postSolution
		SolutionGuid = {19E01053-7DAE-4D27-8B4A-572A06C7611F}
	EndGlobalSection
EndGlobal
